
Microsoft Visual Studio Solution File, Format Version 12.00
# Visual Studio 15
VisualStudioVersion = 15.0.28307.329
MinimumVisualStudioVersion = 10.0.40219.1
Project("{FAE04EC0-301F-11D3-BF4B-00C04F79EFBC}") = "w1_t1", "w1_t1\w1_t1.csproj", "{3B1B5364-3306-4F8A-ADEE-E9B0E1AE688A}"
EndProject
Project("{FAE04EC0-301F-11D3-BF4B-00C04F79EFBC}") = "w1_t2", "w1_t2\w1_t2.csproj", "{DF0095F6-0290-4BA3-B680-3D28BF6D57D2}"
EndProject
Project("{FAE04EC0-301F-11D3-BF4B-00C04F79EFBC}") = "w1_t3", "w1_t3\w1_t3.csproj", "{5AFE7EA2-6712-4B59-9C8E-0684857B5042}"
EndProject
Project("{FAE04EC0-301F-11D3-BF4B-00C04F79EFBC}") = "w1_t4", "w1_t4\w1_t4.csproj", "{70C1BDA0-AB54-4C3C-8CC5-B82047EFFFCC}"
EndProject
Global
	GlobalSection(SolutionConfigurationPlatforms) = preSolution
		Debug|Any CPU = Debug|Any CPU
		Release|Any CPU = Release|Any CPU
	EndGlobalSection
	GlobalSection(ProjectConfigurationPlatforms) = postSolution
		{3B1B5364-3306-4F8A-ADEE-E9B0E1AE688A}.Debug|Any CPU.ActiveCfg = Debug|Any CPU
		{3B1B5364-3306-4F8A-ADEE-E9B0E1AE688A}.Debug|Any CPU.Build.0 = Debug|Any CPU
		{3B1B5364-3306-4F8A-ADEE-E9B0E1AE688A}.Release|Any CPU.ActiveCfg = Release|Any CPU
		{3B1B5364-3306-4F8A-ADEE-E9B0E1AE688A}.Release|Any CPU.Build.0 = Release|Any CPU
		{DF0095F6-0290-4BA3-B680-3D28BF6D57D2}.Debug|Any CPU.ActiveCfg = Debug|Any CPU
		{DF0095F6-0290-4BA3-B680-3D28BF6D57D2}.Debug|Any CPU.Build.0 = Debug|Any CPU
		{DF0095F6-0290-4BA3-B680-3D28BF6D57D2}.Release|Any CPU.ActiveCfg = Release|Any CPU
		{DF0095F6-0290-4BA3-B680-3D28BF6D57D2}.Release|Any CPU.Build.0 = Release|Any CPU
		{5AFE7EA2-6712-4B59-9C8E-0684857B5042}.Debug|Any CPU.ActiveCfg = Debug|Any CPU
		{5AFE7EA2-6712-4B59-9C8E-0684857B5042}.Debug|Any CPU.Build.0 = Debug|Any CPU
		{5AFE7EA2-6712-4B59-9C8E-0684857B5042}.Release|Any CPU.ActiveCfg = Release|Any CPU
		{5AFE7EA2-6712-4B59-9C8E-0684857B5042}.Release|Any CPU.Build.0 = Release|Any CPU
		{70C1BDA0-AB54-4C3C-8CC5-B82047EFFFCC}.Debug|Any CPU.ActiveCfg = Debug|Any CPU
		{70C1BDA0-AB54-4C3C-8CC5-B82047EFFFCC}.Debug|Any CPU.Build.0 = Debug|Any CPU
		{70C1BDA0-AB54-4C3C-8CC5-B82047EFFFCC}.Release|Any CPU.ActiveCfg = Release|Any CPU
		{70C1BDA0-AB54-4C3C-8CC5-B82047EFFFCC}.Release|Any CPU.Build.0 = Release|Any CPU
	EndGlobalSection
	GlobalSection(SolutionProperties) = preSolution
		HideSolutionNode = FALSE
	EndGlobalSection
	GlobalSection(ExtensibilityGlobals) = postSolution
		SolutionGuid = {31B41F5F-DECA-4659-9909-C6132258CBB1}
	EndGlobalSection
EndGlobal
