
Microsoft Visual Studio Solution File, Format Version 12.00
# Visual Studio 15
VisualStudioVersion = 15.0.28307.329
MinimumVisualStudioVersion = 10.0.40219.1
Project("{FAE04EC0-301F-11D3-BF4B-00C04F79EFBC}") = "w2_t1", "w2_t1\w2_t1.csproj", "{6989F312-514E-456D-A700-5A8B4B763CDE}"
EndProject
Project("{FAE04EC0-301F-11D3-BF4B-00C04F79EFBC}") = "w2_t2", "w2_t2\w2_t2.csproj", "{5BE67A27-741D-42F9-AC84-F874DE73B9D4}"
EndProject
Project("{FAE04EC0-301F-11D3-BF4B-00C04F79EFBC}") = "w2_t3", "w2_t3\w2_t3.csproj", "{E37E44A6-3140-4C7B-BF90-62B478DD782E}"
EndProject
Project("{FAE04EC0-301F-11D3-BF4B-00C04F79EFBC}") = "w2_t4", "w2_t4\w2_t4.csproj", "{55692663-438E-45AB-81AF-B55B58D3584A}"
EndProject
Global
	GlobalSection(SolutionConfigurationPlatforms) = preSolution
		Debug|Any CPU = Debug|Any CPU
		Release|Any CPU = Release|Any CPU
	EndGlobalSection
	GlobalSection(ProjectConfigurationPlatforms) = postSolution
		{6989F312-514E-456D-A700-5A8B4B763CDE}.Debug|Any CPU.ActiveCfg = Debug|Any CPU
		{6989F312-514E-456D-A700-5A8B4B763CDE}.Debug|Any CPU.Build.0 = Debug|Any CPU
		{6989F312-514E-456D-A700-5A8B4B763CDE}.Release|Any CPU.ActiveCfg = Release|Any CPU
		{6989F312-514E-456D-A700-5A8B4B763CDE}.Release|Any CPU.Build.0 = Release|Any CPU
		{5BE67A27-741D-42F9-AC84-F874DE73B9D4}.Debug|Any CPU.ActiveCfg = Debug|Any CPU
		{5BE67A27-741D-42F9-AC84-F874DE73B9D4}.Debug|Any CPU.Build.0 = Debug|Any CPU
		{5BE67A27-741D-42F9-AC84-F874DE73B9D4}.Release|Any CPU.ActiveCfg = Release|Any CPU
		{5BE67A27-741D-42F9-AC84-F874DE73B9D4}.Release|Any CPU.Build.0 = Release|Any CPU
		{E37E44A6-3140-4C7B-BF90-62B478DD782E}.Debug|Any CPU.ActiveCfg = Debug|Any CPU
		{E37E44A6-3140-4C7B-BF90-62B478DD782E}.Debug|Any CPU.Build.0 = Debug|Any CPU
		{E37E44A6-3140-4C7B-BF90-62B478DD782E}.Release|Any CPU.ActiveCfg = Release|Any CPU
		{E37E44A6-3140-4C7B-BF90-62B478DD782E}.Release|Any CPU.Build.0 = Release|Any CPU
		{55692663-438E-45AB-81AF-B55B58D3584A}.Debug|Any CPU.ActiveCfg = Debug|Any CPU
		{55692663-438E-45AB-81AF-B55B58D3584A}.Debug|Any CPU.Build.0 = Debug|Any CPU
		{55692663-438E-45AB-81AF-B55B58D3584A}.Release|Any CPU.ActiveCfg = Release|Any CPU
		{55692663-438E-45AB-81AF-B55B58D3584A}.Release|Any CPU.Build.0 = Release|Any CPU
	EndGlobalSection
	GlobalSection(SolutionProperties) = preSolution
		HideSolutionNode = FALSE
	EndGlobalSection
	GlobalSection(ExtensibilityGlobals) = postSolution
		SolutionGuid = {754ED712-CA0B-4553-89B3-E96F474DD1A4}
	EndGlobalSection
EndGlobal
